
Microsoft Visual Studio Solution File, Format Version 12.00
# Visual Studio Version 17
VisualStudioVersion = 17.1.32228.430
MinimumVisualStudioVersion = 10.0.40219.1
Project("{FAE04EC0-301F-11D3-BF4B-00C04F79EFBC}") = "Lab4-2-2", "Lab4-2-2.csproj", "{976D5F5D-C626-427C-920E-C8BD42B987AB}"
EndProject
Global
	GlobalSection(SolutionConfigurationPlatforms) = preSolution
		Debug|Any CPU = Debug|Any CPU
		Release|Any CPU = Release|Any CPU
	EndGlobalSection
	GlobalSection(ProjectConfigurationPlatforms) = postSolution
		{976D5F5D-C626-427C-920E-C8BD42B987AB}.Debug|Any CPU.ActiveCfg = Debug|Any CPU
		{976D5F5D-C626-427C-920E-C8BD42B987AB}.Debug|Any CPU.Build.0 = Debug|Any CPU
		{976D5F5D-C626-427C-920E-C8BD42B987AB}.Release|Any CPU.ActiveCfg = Release|Any CPU
		{976D5F5D-C626-427C-920E-C8BD42B987AB}.Release|Any CPU.Build.0 = Release|Any CPU
	EndGlobalSection
	GlobalSection(SolutionProperties) = preSolution
		HideSolutionNode = FALSE
	EndGlobalSection
	GlobalSection(ExtensibilityGlobals) = postSolution
		SolutionGuid = {F6180EFC-F708-42C2-B403-E6B705BF5F8D}
	EndGlobalSection
EndGlobal
